
Microsoft Visual Studio Solution File, Format Version 12.00
# Visual Studio Version 17
VisualStudioVersion = 17.5.33530.505
MinimumVisualStudioVersion = 10.0.40219.1
Project("{9A19103F-16F7-4668-BE54-9A1E7A4F7556}") = "Cinema DB", "Cinema DB\Cinema DB.csproj", "{F26236A5-7E72-4F3B-AFCE-84A18C9590D1}"
EndProject
Project("{FAE04EC0-301F-11D3-BF4B-00C04F79EFBC}") = "Domain", "Domain\Domain.csproj", "{BB3C3D0F-4CF2-4289-9DF2-0B6812A8C1F9}"
EndProject
Global
	GlobalSection(SolutionConfigurationPlatforms) = preSolution
		Debug|Any CPU = Debug|Any CPU
		Release|Any CPU = Release|Any CPU
	EndGlobalSection
	GlobalSection(ProjectConfigurationPlatforms) = postSolution
		{F26236A5-7E72-4F3B-AFCE-84A18C9590D1}.Debug|Any CPU.ActiveCfg = Debug|Any CPU
		{F26236A5-7E72-4F3B-AFCE-84A18C9590D1}.Debug|Any CPU.Build.0 = Debug|Any CPU
		{F26236A5-7E72-4F3B-AFCE-84A18C9590D1}.Release|Any CPU.ActiveCfg = Release|Any CPU
		{F26236A5-7E72-4F3B-AFCE-84A18C9590D1}.Release|Any CPU.Build.0 = Release|Any CPU
		{BB3C3D0F-4CF2-4289-9DF2-0B6812A8C1F9}.Debug|Any CPU.ActiveCfg = Debug|Any CPU
		{BB3C3D0F-4CF2-4289-9DF2-0B6812A8C1F9}.Debug|Any CPU.Build.0 = Debug|Any CPU
		{BB3C3D0F-4CF2-4289-9DF2-0B6812A8C1F9}.Release|Any CPU.ActiveCfg = Release|Any CPU
		{BB3C3D0F-4CF2-4289-9DF2-0B6812A8C1F9}.Release|Any CPU.Build.0 = Release|Any CPU
	EndGlobalSection
	GlobalSection(SolutionProperties) = preSolution
		HideSolutionNode = FALSE
	EndGlobalSection
	GlobalSection(ExtensibilityGlobals) = postSolution
		SolutionGuid = {205E2D34-7452-4757-BC25-76781A80CA79}
	EndGlobalSection
EndGlobal
